
Microsoft Visual Studio Solution File, Format Version 12.00
# Visual Studio 15
VisualStudioVersion = 15.0.27130.2027
MinimumVisualStudioVersion = 10.0.40219.1
Project("{F2A71F9B-5D33-465A-A702-920D77279786}") = "Signals.Generator", "Signals.Generator\Signals.Generator.fsproj", "{AF7041EE-5BDE-4738-9D8B-44F45717528E}"
EndProject
Global
	GlobalSection(SolutionConfigurationPlatforms) = preSolution
		Debug|Any CPU = Debug|Any CPU
		Release|Any CPU = Release|Any CPU
	EndGlobalSection
	GlobalSection(ProjectConfigurationPlatforms) = postSolution
		{AF7041EE-5BDE-4738-9D8B-44F45717528E}.Debug|Any CPU.ActiveCfg = Debug|Any CPU
		{AF7041EE-5BDE-4738-9D8B-44F45717528E}.Debug|Any CPU.Build.0 = Debug|Any CPU
		{AF7041EE-5BDE-4738-9D8B-44F45717528E}.Release|Any CPU.ActiveCfg = Debug|Any CPU
		{AF7041EE-5BDE-4738-9D8B-44F45717528E}.Release|Any CPU.Build.0 = Debug|Any CPU
	EndGlobalSection
	GlobalSection(SolutionProperties) = preSolution
		HideSolutionNode = FALSE
	EndGlobalSection
	GlobalSection(ExtensibilityGlobals) = postSolution
		SolutionGuid = {84552FAF-4B49-40C7-87FF-FA790EF71B88}
	EndGlobalSection
EndGlobal
